
Microsoft Visual Studio Solution File, Format Version 12.00
# Visual Studio Version 17
VisualStudioVersion = 17.10.34916.146
MinimumVisualStudioVersion = 10.0.40219.1
Project("{FAE04EC0-301F-11D3-BF4B-00C04F79EFBC}") = "AuthTemplate.Server", "Server\AuthTemplate.Server.csproj", "{AADB5B3C-E540-498F-9543-4093ADC8946E}"
EndProject
Project("{FAE04EC0-301F-11D3-BF4B-00C04F79EFBC}") = "AuthTemplate.Client", "Client\AuthTemplate.Client.csproj", "{350D9604-5B79-4290-99F6-C9814EECBCF5}"
EndProject
Project("{FAE04EC0-301F-11D3-BF4B-00C04F79EFBC}") = "AuthTemplate.Shared", "Shared\AuthTemplate.Shared.csproj", "{2EA20003-7F24-4884-BDEE-99BB577EBFA6}"
EndProject
Global
	GlobalSection(SolutionConfigurationPlatforms) = preSolution
		Debug|Any CPU = Debug|Any CPU
		Release|Any CPU = Release|Any CPU
	EndGlobalSection
	GlobalSection(ProjectConfigurationPlatforms) = postSolution
		{AADB5B3C-E540-498F-9543-4093ADC8946E}.Debug|Any CPU.ActiveCfg = Debug|Any CPU
		{AADB5B3C-E540-498F-9543-4093ADC8946E}.Debug|Any CPU.Build.0 = Debug|Any CPU
		{AADB5B3C-E540-498F-9543-4093ADC8946E}.Release|Any CPU.ActiveCfg = Release|Any CPU
		{AADB5B3C-E540-498F-9543-4093ADC8946E}.Release|Any CPU.Build.0 = Release|Any CPU
		{350D9604-5B79-4290-99F6-C9814EECBCF5}.Debug|Any CPU.ActiveCfg = Debug|Any CPU
		{350D9604-5B79-4290-99F6-C9814EECBCF5}.Debug|Any CPU.Build.0 = Debug|Any CPU
		{350D9604-5B79-4290-99F6-C9814EECBCF5}.Release|Any CPU.ActiveCfg = Release|Any CPU
		{350D9604-5B79-4290-99F6-C9814EECBCF5}.Release|Any CPU.Build.0 = Release|Any CPU
		{2EA20003-7F24-4884-BDEE-99BB577EBFA6}.Debug|Any CPU.ActiveCfg = Debug|Any CPU
		{2EA20003-7F24-4884-BDEE-99BB577EBFA6}.Debug|Any CPU.Build.0 = Debug|Any CPU
		{2EA20003-7F24-4884-BDEE-99BB577EBFA6}.Release|Any CPU.ActiveCfg = Release|Any CPU
		{2EA20003-7F24-4884-BDEE-99BB577EBFA6}.Release|Any CPU.Build.0 = Release|Any CPU
	EndGlobalSection
	GlobalSection(SolutionProperties) = preSolution
		HideSolutionNode = FALSE
	EndGlobalSection
	GlobalSection(ExtensibilityGlobals) = postSolution
		SolutionGuid = {06634F2B-FD27-4178-B9EB-396BDDF606B5}
	EndGlobalSection
EndGlobal
